
Microsoft Visual Studio Solution File, Format Version 12.00
# Visual Studio 14
VisualStudioVersion = 14.0.25420.1
MinimumVisualStudioVersion = 10.0.40219.1
Project("{FAE04EC0-301F-11D3-BF4B-00C04F79EFBC}") = "DonationApplication.data", "DonationApplication.data\DonationApplication.data.csproj", "{784AFA1F-5FFD-4CA7-8001-DBB8B06742DA}"
EndProject
Project("{FAE04EC0-301F-11D3-BF4B-00C04F79EFBC}") = "DonationApplication.web", "DonationApplication.web\DonationApplication.web.csproj", "{6B38687D-6DA6-4C74-9184-A8244BDB81A2}"
EndProject
Project("{FAE04EC0-301F-11D3-BF4B-00C04F79EFBC}") = "DonationApplication.console", "DonationApplication.Admin\DonationApplication.console.csproj", "{E8B72A7D-2AAE-4C52-874D-15F27786AF51}"
EndProject
Global
	GlobalSection(SolutionConfigurationPlatforms) = preSolution
		Debug|Any CPU = Debug|Any CPU
		Release|Any CPU = Release|Any CPU
	EndGlobalSection
	GlobalSection(ProjectConfigurationPlatforms) = postSolution
		{784AFA1F-5FFD-4CA7-8001-DBB8B06742DA}.Debug|Any CPU.ActiveCfg = Debug|Any CPU
		{784AFA1F-5FFD-4CA7-8001-DBB8B06742DA}.Debug|Any CPU.Build.0 = Debug|Any CPU
		{784AFA1F-5FFD-4CA7-8001-DBB8B06742DA}.Release|Any CPU.ActiveCfg = Release|Any CPU
		{784AFA1F-5FFD-4CA7-8001-DBB8B06742DA}.Release|Any CPU.Build.0 = Release|Any CPU
		{6B38687D-6DA6-4C74-9184-A8244BDB81A2}.Debug|Any CPU.ActiveCfg = Debug|Any CPU
		{6B38687D-6DA6-4C74-9184-A8244BDB81A2}.Debug|Any CPU.Build.0 = Debug|Any CPU
		{6B38687D-6DA6-4C74-9184-A8244BDB81A2}.Release|Any CPU.ActiveCfg = Release|Any CPU
		{6B38687D-6DA6-4C74-9184-A8244BDB81A2}.Release|Any CPU.Build.0 = Release|Any CPU
		{E8B72A7D-2AAE-4C52-874D-15F27786AF51}.Debug|Any CPU.ActiveCfg = Debug|Any CPU
		{E8B72A7D-2AAE-4C52-874D-15F27786AF51}.Debug|Any CPU.Build.0 = Debug|Any CPU
		{E8B72A7D-2AAE-4C52-874D-15F27786AF51}.Release|Any CPU.ActiveCfg = Release|Any CPU
		{E8B72A7D-2AAE-4C52-874D-15F27786AF51}.Release|Any CPU.Build.0 = Release|Any CPU
	EndGlobalSection
	GlobalSection(SolutionProperties) = preSolution
		HideSolutionNode = FALSE
	EndGlobalSection
EndGlobal
